
Microsoft Visual Studio Solution File, Format Version 12.00
Project("{FAE04EC0-301F-11D3-BF4B-00C04F79EFBC}") = "AspireFlights.AppHost", "AspireFlights\AspireFlights.AppHost\AspireFlights.AppHost.csproj", "{9A7EF9D1-B4B3-4613-B79A-8F496FCBAB62}"
EndProject
Project("{FAE04EC0-301F-11D3-BF4B-00C04F79EFBC}") = "AspireFlights.ServiceDefaults", "AspireFlights\AspireFlights.ServiceDefaults\AspireFlights.ServiceDefaults.csproj", "{B400EBA5-BC13-42E5-82B0-0F2812492739}"
EndProject
Project("{FAE04EC0-301F-11D3-BF4B-00C04F79EFBC}") = "FlightApi", "AspireFlights\FlightApi\FlightApi.csproj", "{C37DF83F-20E8-4548-8F9F-D63753A435EB}"
EndProject
Project("{FAE04EC0-301F-11D3-BF4B-00C04F79EFBC}") = "FlightWorker", "AspireFlights\FlightWorker\FlightWorker.csproj", "{5AC78651-3A80-44E8-B462-F4B33C903770}"
EndProject
Project("{2150E333-8FDC-42A3-9474-1A3956D46DE8}") = "Solution Items", "Solution Items", "{B6162ABA-8617-4C62-BD61-C68B7F80CAC9}"
	ProjectSection(SolutionItems) = preProject
		README.md = README.md
		AspireFlights\FlightApi\requests.http = AspireFlights\FlightApi\requests.http
		AspireFlights\FlightWorker\flights.proto = AspireFlights\FlightWorker\flights.proto
	EndProjectSection
EndProject
Global
	GlobalSection(SolutionConfigurationPlatforms) = preSolution
		Debug|Any CPU = Debug|Any CPU
		Release|Any CPU = Release|Any CPU
	EndGlobalSection
	GlobalSection(ProjectConfigurationPlatforms) = postSolution
		{9A7EF9D1-B4B3-4613-B79A-8F496FCBAB62}.Debug|Any CPU.ActiveCfg = Debug|Any CPU
		{9A7EF9D1-B4B3-4613-B79A-8F496FCBAB62}.Debug|Any CPU.Build.0 = Debug|Any CPU
		{9A7EF9D1-B4B3-4613-B79A-8F496FCBAB62}.Release|Any CPU.ActiveCfg = Release|Any CPU
		{9A7EF9D1-B4B3-4613-B79A-8F496FCBAB62}.Release|Any CPU.Build.0 = Release|Any CPU
		{B400EBA5-BC13-42E5-82B0-0F2812492739}.Debug|Any CPU.ActiveCfg = Debug|Any CPU
		{B400EBA5-BC13-42E5-82B0-0F2812492739}.Debug|Any CPU.Build.0 = Debug|Any CPU
		{B400EBA5-BC13-42E5-82B0-0F2812492739}.Release|Any CPU.ActiveCfg = Release|Any CPU
		{B400EBA5-BC13-42E5-82B0-0F2812492739}.Release|Any CPU.Build.0 = Release|Any CPU
		{C37DF83F-20E8-4548-8F9F-D63753A435EB}.Debug|Any CPU.ActiveCfg = Debug|Any CPU
		{C37DF83F-20E8-4548-8F9F-D63753A435EB}.Debug|Any CPU.Build.0 = Debug|Any CPU
		{C37DF83F-20E8-4548-8F9F-D63753A435EB}.Release|Any CPU.ActiveCfg = Release|Any CPU
		{C37DF83F-20E8-4548-8F9F-D63753A435EB}.Release|Any CPU.Build.0 = Release|Any CPU
		{5AC78651-3A80-44E8-B462-F4B33C903770}.Debug|Any CPU.ActiveCfg = Debug|Any CPU
		{5AC78651-3A80-44E8-B462-F4B33C903770}.Debug|Any CPU.Build.0 = Debug|Any CPU
		{5AC78651-3A80-44E8-B462-F4B33C903770}.Release|Any CPU.ActiveCfg = Release|Any CPU
		{5AC78651-3A80-44E8-B462-F4B33C903770}.Release|Any CPU.Build.0 = Release|Any CPU
	EndGlobalSection
EndGlobal
